
Microsoft Visual Studio Solution File, Format Version 12.00
# Visual Studio Version 17
VisualStudioVersion = 17.5.33627.172
MinimumVisualStudioVersion = 10.0.40219.1
Project("{FAE04EC0-301F-11D3-BF4B-00C04F79EFBC}") = "RestaurantSystem.UWP", "RestaurantSystem.UWP\RestaurantSystem.UWP.csproj", "{ED58F096-EFF0-464E-AA7A-93AF57E985BB}"
EndProject
Project("{FAE04EC0-301F-11D3-BF4B-00C04F79EFBC}") = "RestaurantSystem.Android", "RestaurantSystem.Android\RestaurantSystem.Android.csproj", "{E5E05DCC-7B2F-4397-B63C-4857CCCC1469}"
EndProject
Project("{FAE04EC0-301F-11D3-BF4B-00C04F79EFBC}") = "RestaurantSystem.iOS", "RestaurantSystem.iOS\RestaurantSystem.iOS.csproj", "{F7AE4E1B-F7D0-4A0C-A4F7-70B5E6AD4029}"
EndProject
Project("{FAE04EC0-301F-11D3-BF4B-00C04F79EFBC}") = "RestaurantSystem", "RestaurantSystem\RestaurantSystem.csproj", "{79743873-B9BB-4654-8721-69140E0E91BB}"
EndProject
Global
	GlobalSection(SolutionConfigurationPlatforms) = preSolution
		Debug|Any CPU = Debug|Any CPU
		Debug|ARM = Debug|ARM
		Debug|iPhone = Debug|iPhone
		Debug|iPhoneSimulator = Debug|iPhoneSimulator
		Debug|x64 = Debug|x64
		Debug|x86 = Debug|x86
		Release|Any CPU = Release|Any CPU
		Release|ARM = Release|ARM
		Release|iPhone = Release|iPhone
		Release|iPhoneSimulator = Release|iPhoneSimulator
		Release|x64 = Release|x64
		Release|x86 = Release|x86
	EndGlobalSection
	GlobalSection(ProjectConfigurationPlatforms) = postSolution
		{ED58F096-EFF0-464E-AA7A-93AF57E985BB}.Debug|Any CPU.ActiveCfg = Debug|x64
		{ED58F096-EFF0-464E-AA7A-93AF57E985BB}.Debug|Any CPU.Build.0 = Debug|x64
		{ED58F096-EFF0-464E-AA7A-93AF57E985BB}.Debug|Any CPU.Deploy.0 = Debug|x64
		{ED58F096-EFF0-464E-AA7A-93AF57E985BB}.Debug|ARM.ActiveCfg = Debug|ARM
		{ED58F096-EFF0-464E-AA7A-93AF57E985BB}.Debug|ARM.Build.0 = Debug|ARM
		{ED58F096-EFF0-464E-AA7A-93AF57E985BB}.Debug|ARM.Deploy.0 = Debug|ARM
		{ED58F096-EFF0-464E-AA7A-93AF57E985BB}.Debug|iPhone.ActiveCfg = Debug|x64
		{ED58F096-EFF0-464E-AA7A-93AF57E985BB}.Debug|iPhone.Build.0 = Debug|x64
		{ED58F096-EFF0-464E-AA7A-93AF57E985BB}.Debug|iPhone.Deploy.0 = Debug|x64
		{ED58F096-EFF0-464E-AA7A-93AF57E985BB}.Debug|iPhoneSimulator.ActiveCfg = Debug|x64
		{ED58F096-EFF0-464E-AA7A-93AF57E985BB}.Debug|iPhoneSimulator.Build.0 = Debug|x64
		{ED58F096-EFF0-464E-AA7A-93AF57E985BB}.Debug|iPhoneSimulator.Deploy.0 = Debug|x64
		{ED58F096-EFF0-464E-AA7A-93AF57E985BB}.Debug|x64.ActiveCfg = Debug|x64
		{ED58F096-EFF0-464E-AA7A-93AF57E985BB}.Debug|x64.Build.0 = Debug|x64
		{ED58F096-EFF0-464E-AA7A-93AF57E985BB}.Debug|x64.Deploy.0 = Debug|x64
		{ED58F096-EFF0-464E-AA7A-93AF57E985BB}.Debug|x86.ActiveCfg = Debug|x86
		{ED58F096-EFF0-464E-AA7A-93AF57E985BB}.Debug|x86.Build.0 = Debug|x86
		{ED58F096-EFF0-464E-AA7A-93AF57E985BB}.Debug|x86.Deploy.0 = Debug|x86
		{ED58F096-EFF0-464E-AA7A-93AF57E985BB}.Release|Any CPU.ActiveCfg = Release|x64
		{ED58F096-EFF0-464E-AA7A-93AF57E985BB}.Release|Any CPU.Build.0 = Release|x64
		{ED58F096-EFF0-464E-AA7A-93AF57E985BB}.Release|Any CPU.Deploy.0 = Release|x64
		{ED58F096-EFF0-464E-AA7A-93AF57E985BB}.Release|ARM.ActiveCfg = Release|ARM
		{ED58F096-EFF0-464E-AA7A-93AF57E985BB}.Release|ARM.Build.0 = Release|ARM
		{ED58F096-EFF0-464E-AA7A-93AF57E985BB}.Release|ARM.Deploy.0 = Release|ARM
		{ED58F096-EFF0-464E-AA7A-93AF57E985BB}.Release|iPhone.ActiveCfg = Release|x64
		{ED58F096-EFF0-464E-AA7A-93AF57E985BB}.Release|iPhone.Build.0 = Release|x64
		{ED58F096-EFF0-464E-AA7A-93AF57E985BB}.Release|iPhone.Deploy.0 = Release|x64
		{ED58F096-EFF0-464E-AA7A-93AF57E985BB}.Release|iPhoneSimulator.ActiveCfg = Release|x64
		{ED58F096-EFF0-464E-AA7A-93AF57E985BB}.Release|iPhoneSimulator.Build.0 = Release|x64
		{ED58F096-EFF0-464E-AA7A-93AF57E985BB}.Release|iPhoneSimulator.Deploy.0 = Release|x64
		{ED58F096-EFF0-464E-AA7A-93AF57E985BB}.Release|x64.ActiveCfg = Release|x64
		{ED58F096-EFF0-464E-AA7A-93AF57E985BB}.Release|x64.Build.0 = Release|x64
		{ED58F096-EFF0-464E-AA7A-93AF57E985BB}.Release|x64.Deploy.0 = Release|x64
		{ED58F096-EFF0-464E-AA7A-93AF57E985BB}.Release|x86.ActiveCfg = Release|x86
		{ED58F096-EFF0-464E-AA7A-93AF57E985BB}.Release|x86.Build.0 = Release|x86
		{ED58F096-EFF0-464E-AA7A-93AF57E985BB}.Release|x86.Deploy.0 = Release|x86
		{E5E05DCC-7B2F-4397-B63C-4857CCCC1469}.Debug|Any CPU.ActiveCfg = Debug|Any CPU
		{E5E05DCC-7B2F-4397-B63C-4857CCCC1469}.Debug|Any CPU.Build.0 = Debug|Any CPU
		{E5E05DCC-7B2F-4397-B63C-4857CCCC1469}.Debug|Any CPU.Deploy.0 = Debug|Any CPU
		{E5E05DCC-7B2F-4397-B63C-4857CCCC1469}.Debug|ARM.ActiveCfg = Debug|Any CPU
		{E5E05DCC-7B2F-4397-B63C-4857CCCC1469}.Debug|ARM.Build.0 = Debug|Any CPU
		{E5E05DCC-7B2F-4397-B63C-4857CCCC1469}.Debug|ARM.Deploy.0 = Debug|Any CPU
		{E5E05DCC-7B2F-4397-B63C-4857CCCC1469}.Debug|iPhone.ActiveCfg = Debug|Any CPU
		{E5E05DCC-7B2F-4397-B63C-4857CCCC1469}.Debug|iPhone.Build.0 = Debug|Any CPU
		{E5E05DCC-7B2F-4397-B63C-4857CCCC1469}.Debug|iPhone.Deploy.0 = Debug|Any CPU
		{E5E05DCC-7B2F-4397-B63C-4857CCCC1469}.Debug|iPhoneSimulator.ActiveCfg = Debug|Any CPU
		{E5E05DCC-7B2F-4397-B63C-4857CCCC1469}.Debug|iPhoneSimulator.Build.0 = Debug|Any CPU
		{E5E05DCC-7B2F-4397-B63C-4857CCCC1469}.Debug|iPhoneSimulator.Deploy.0 = Debug|Any CPU
		{E5E05DCC-7B2F-4397-B63C-4857CCCC1469}.Debug|x64.ActiveCfg = Debug|Any CPU
		{E5E05DCC-7B2F-4397-B63C-4857CCCC1469}.Debug|x64.Build.0 = Debug|Any CPU
		{E5E05DCC-7B2F-4397-B63C-4857CCCC1469}.Debug|x64.Deploy.0 = Debug|Any CPU
		{E5E05DCC-7B2F-4397-B63C-4857CCCC1469}.Debug|x86.ActiveCfg = Debug|Any CPU
		{E5E05DCC-7B2F-4397-B63C-4857CCCC1469}.Debug|x86.Build.0 = Debug|Any CPU
		{E5E05DCC-7B2F-4397-B63C-4857CCCC1469}.Debug|x86.Deploy.0 = Debug|Any CPU
		{E5E05DCC-7B2F-4397-B63C-4857CCCC1469}.Release|Any CPU.ActiveCfg = Release|Any CPU
		{E5E05DCC-7B2F-4397-B63C-4857CCCC1469}.Release|Any CPU.Build.0 = Release|Any CPU
		{E5E05DCC-7B2F-4397-B63C-4857CCCC1469}.Release|Any CPU.Deploy.0 = Release|Any CPU
		{E5E05DCC-7B2F-4397-B63C-4857CCCC1469}.Release|ARM.ActiveCfg = Release|Any CPU
		{E5E05DCC-7B2F-4397-B63C-4857CCCC1469}.Release|ARM.Build.0 = Release|Any CPU
		{E5E05DCC-7B2F-4397-B63C-4857CCCC1469}.Release|ARM.Deploy.0 = Release|Any CPU
		{E5E05DCC-7B2F-4397-B63C-4857CCCC1469}.Release|iPhone.ActiveCfg = Release|Any CPU
		{E5E05DCC-7B2F-4397-B63C-4857CCCC1469}.Release|iPhone.Build.0 = Release|Any CPU
		{E5E05DCC-7B2F-4397-B63C-4857CCCC1469}.Release|iPhone.Deploy.0 = Release|Any CPU
		{E5E05DCC-7B2F-4397-B63C-4857CCCC1469}.Release|iPhoneSimulator.ActiveCfg = Release|Any CPU
		{E5E05DCC-7B2F-4397-B63C-4857CCCC1469}.Release|iPhoneSimulator.Build.0 = Release|Any CPU
		{E5E05DCC-7B2F-4397-B63C-4857CCCC1469}.Release|iPhoneSimulator.Deploy.0 = Release|Any CPU
		{E5E05DCC-7B2F-4397-B63C-4857CCCC1469}.Release|x64.ActiveCfg = Release|Any CPU
		{E5E05DCC-7B2F-4397-B63C-4857CCCC1469}.Release|x64.Build.0 = Release|Any CPU
		{E5E05DCC-7B2F-4397-B63C-4857CCCC1469}.Release|x64.Deploy.0 = Release|Any CPU
		{E5E05DCC-7B2F-4397-B63C-4857CCCC1469}.Release|x86.ActiveCfg = Release|Any CPU
		{E5E05DCC-7B2F-4397-B63C-4857CCCC1469}.Release|x86.Build.0 = Release|Any CPU
		{E5E05DCC-7B2F-4397-B63C-4857CCCC1469}.Release|x86.Deploy.0 = Release|Any CPU
		{F7AE4E1B-F7D0-4A0C-A4F7-70B5E6AD4029}.Debug|Any CPU.ActiveCfg = Debug|iPhoneSimulator
		{F7AE4E1B-F7D0-4A0C-A4F7-70B5E6AD4029}.Debug|Any CPU.Build.0 = Debug|iPhoneSimulator
		{F7AE4E1B-F7D0-4A0C-A4F7-70B5E6AD4029}.Debug|Any CPU.Deploy.0 = Debug|iPhoneSimulator
		{F7AE4E1B-F7D0-4A0C-A4F7-70B5E6AD4029}.Debug|ARM.ActiveCfg = Debug|iPhoneSimulator
		{F7AE4E1B-F7D0-4A0C-A4F7-70B5E6AD4029}.Debug|ARM.Build.0 = Debug|iPhoneSimulator
		{F7AE4E1B-F7D0-4A0C-A4F7-70B5E6AD4029}.Debug|ARM.Deploy.0 = Debug|iPhoneSimulator
		{F7AE4E1B-F7D0-4A0C-A4F7-70B5E6AD4029}.Debug|iPhone.ActiveCfg = Debug|iPhone
		{F7AE4E1B-F7D0-4A0C-A4F7-70B5E6AD4029}.Debug|iPhone.Build.0 = Debug|iPhone
		{F7AE4E1B-F7D0-4A0C-A4F7-70B5E6AD4029}.Debug|iPhone.Deploy.0 = Debug|iPhone
		{F7AE4E1B-F7D0-4A0C-A4F7-70B5E6AD4029}.Debug|iPhoneSimulator.ActiveCfg = Debug|iPhoneSimulator
		{F7AE4E1B-F7D0-4A0C-A4F7-70B5E6AD4029}.Debug|iPhoneSimulator.Build.0 = Debug|iPhoneSimulator
		{F7AE4E1B-F7D0-4A0C-A4F7-70B5E6AD4029}.Debug|iPhoneSimulator.Deploy.0 = Debug|iPhoneSimulator
		{F7AE4E1B-F7D0-4A0C-A4F7-70B5E6AD4029}.Debug|x64.ActiveCfg = Debug|iPhone
		{F7AE4E1B-F7D0-4A0C-A4F7-70B5E6AD4029}.Debug|x64.Build.0 = Debug|iPhone
		{F7AE4E1B-F7D0-4A0C-A4F7-70B5E6AD4029}.Debug|x64.Deploy.0 = Debug|iPhone
		{F7AE4E1B-F7D0-4A0C-A4F7-70B5E6AD4029}.Debug|x86.ActiveCfg = Debug|iPhoneSimulator
		{F7AE4E1B-F7D0-4A0C-A4F7-70B5E6AD4029}.Debug|x86.Build.0 = Debug|iPhoneSimulator
		{F7AE4E1B-F7D0-4A0C-A4F7-70B5E6AD4029}.Debug|x86.Deploy.0 = Debug|iPhoneSimulator
		{F7AE4E1B-F7D0-4A0C-A4F7-70B5E6AD4029}.Release|Any CPU.ActiveCfg = Release|iPhoneSimulator
		{F7AE4E1B-F7D0-4A0C-A4F7-70B5E6AD4029}.Release|Any CPU.Build.0 = Release|iPhoneSimulator
		{F7AE4E1B-F7D0-4A0C-A4F7-70B5E6AD4029}.Release|Any CPU.Deploy.0 = Release|iPhoneSimulator
		{F7AE4E1B-F7D0-4A0C-A4F7-70B5E6AD4029}.Release|ARM.ActiveCfg = Release|iPhoneSimulator
		{F7AE4E1B-F7D0-4A0C-A4F7-70B5E6AD4029}.Release|ARM.Build.0 = Release|iPhoneSimulator
		{F7AE4E1B-F7D0-4A0C-A4F7-70B5E6AD4029}.Release|ARM.Deploy.0 = Release|iPhoneSimulator
		{F7AE4E1B-F7D0-4A0C-A4F7-70B5E6AD4029}.Release|iPhone.ActiveCfg = Release|iPhone
		{F7AE4E1B-F7D0-4A0C-A4F7-70B5E6AD4029}.Release|iPhone.Build.0 = Release|iPhone
		{F7AE4E1B-F7D0-4A0C-A4F7-70B5E6AD4029}.Release|iPhone.Deploy.0 = Release|iPhone
		{F7AE4E1B-F7D0-4A0C-A4F7-70B5E6AD4029}.Release|iPhoneSimulator.ActiveCfg = Release|iPhoneSimulator
		{F7AE4E1B-F7D0-4A0C-A4F7-70B5E6AD4029}.Release|iPhoneSimulator.Build.0 = Release|iPhoneSimulator
		{F7AE4E1B-F7D0-4A0C-A4F7-70B5E6AD4029}.Release|iPhoneSimulator.Deploy.0 = Release|iPhoneSimulator
		{F7AE4E1B-F7D0-4A0C-A4F7-70B5E6AD4029}.Release|x64.ActiveCfg = Release|iPhoneSimulator
		{F7AE4E1B-F7D0-4A0C-A4F7-70B5E6AD4029}.Release|x64.Build.0 = Release|iPhoneSimulator
		{F7AE4E1B-F7D0-4A0C-A4F7-70B5E6AD4029}.Release|x64.Deploy.0 = Release|iPhoneSimulator
		{F7AE4E1B-F7D0-4A0C-A4F7-70B5E6AD4029}.Release|x86.ActiveCfg = Release|iPhoneSimulator
		{F7AE4E1B-F7D0-4A0C-A4F7-70B5E6AD4029}.Release|x86.Build.0 = Release|iPhoneSimulator
		{F7AE4E1B-F7D0-4A0C-A4F7-70B5E6AD4029}.Release|x86.Deploy.0 = Release|iPhoneSimulator
		{79743873-B9BB-4654-8721-69140E0E91BB}.Debug|Any CPU.ActiveCfg = Debug|Any CPU
		{79743873-B9BB-4654-8721-69140E0E91BB}.Debug|Any CPU.Build.0 = Debug|Any CPU
		{79743873-B9BB-4654-8721-69140E0E91BB}.Debug|Any CPU.Deploy.0 = Debug|Any CPU
		{79743873-B9BB-4654-8721-69140E0E91BB}.Debug|ARM.ActiveCfg = Debug|Any CPU
		{79743873-B9BB-4654-8721-69140E0E91BB}.Debug|ARM.Build.0 = Debug|Any CPU
		{79743873-B9BB-4654-8721-69140E0E91BB}.Debug|ARM.Deploy.0 = Debug|Any CPU
		{79743873-B9BB-4654-8721-69140E0E91BB}.Debug|iPhone.ActiveCfg = Debug|Any CPU
		{79743873-B9BB-4654-8721-69140E0E91BB}.Debug|iPhone.Build.0 = Debug|Any CPU
		{79743873-B9BB-4654-8721-69140E0E91BB}.Debug|iPhone.Deploy.0 = Debug|Any CPU
		{79743873-B9BB-4654-8721-69140E0E91BB}.Debug|iPhoneSimulator.ActiveCfg = Debug|Any CPU
		{79743873-B9BB-4654-8721-69140E0E91BB}.Debug|iPhoneSimulator.Build.0 = Debug|Any CPU
		{79743873-B9BB-4654-8721-69140E0E91BB}.Debug|iPhoneSimulator.Deploy.0 = Debug|Any CPU
		{79743873-B9BB-4654-8721-69140E0E91BB}.Debug|x64.ActiveCfg = Debug|Any CPU
		{79743873-B9BB-4654-8721-69140E0E91BB}.Debug|x64.Build.0 = Debug|Any CPU
		{79743873-B9BB-4654-8721-69140E0E91BB}.Debug|x64.Deploy.0 = Debug|Any CPU
		{79743873-B9BB-4654-8721-69140E0E91BB}.Debug|x86.ActiveCfg = Debug|Any CPU
		{79743873-B9BB-4654-8721-69140E0E91BB}.Debug|x86.Build.0 = Debug|Any CPU
		{79743873-B9BB-4654-8721-69140E0E91BB}.Debug|x86.Deploy.0 = Debug|Any CPU
		{79743873-B9BB-4654-8721-69140E0E91BB}.Release|Any CPU.ActiveCfg = Release|Any CPU
		{79743873-B9BB-4654-8721-69140E0E91BB}.Release|Any CPU.Build.0 = Release|Any CPU
		{79743873-B9BB-4654-8721-69140E0E91BB}.Release|Any CPU.Deploy.0 = Release|Any CPU
		{79743873-B9BB-4654-8721-69140E0E91BB}.Release|ARM.ActiveCfg = Release|Any CPU
		{79743873-B9BB-4654-8721-69140E0E91BB}.Release|ARM.Build.0 = Release|Any CPU
		{79743873-B9BB-4654-8721-69140E0E91BB}.Release|ARM.Deploy.0 = Release|Any CPU
		{79743873-B9BB-4654-8721-69140E0E91BB}.Release|iPhone.ActiveCfg = Release|Any CPU
		{79743873-B9BB-4654-8721-69140E0E91BB}.Release|iPhone.Build.0 = Release|Any CPU
		{79743873-B9BB-4654-8721-69140E0E91BB}.Release|iPhone.Deploy.0 = Release|Any CPU
		{79743873-B9BB-4654-8721-69140E0E91BB}.Release|iPhoneSimulator.ActiveCfg = Release|Any CPU
		{79743873-B9BB-4654-8721-69140E0E91BB}.Release|iPhoneSimulator.Build.0 = Release|Any CPU
		{79743873-B9BB-4654-8721-69140E0E91BB}.Release|iPhoneSimulator.Deploy.0 = Release|Any CPU
		{79743873-B9BB-4654-8721-69140E0E91BB}.Release|x64.ActiveCfg = Release|Any CPU
		{79743873-B9BB-4654-8721-69140E0E91BB}.Release|x64.Build.0 = Release|Any CPU
		{79743873-B9BB-4654-8721-69140E0E91BB}.Release|x64.Deploy.0 = Release|Any CPU
		{79743873-B9BB-4654-8721-69140E0E91BB}.Release|x86.ActiveCfg = Release|Any CPU
		{79743873-B9BB-4654-8721-69140E0E91BB}.Release|x86.Build.0 = Release|Any CPU
		{79743873-B9BB-4654-8721-69140E0E91BB}.Release|x86.Deploy.0 = Release|Any CPU
	EndGlobalSection
	GlobalSection(SolutionProperties) = preSolution
		HideSolutionNode = FALSE
	EndGlobalSection
	GlobalSection(ExtensibilityGlobals) = postSolution
		SolutionGuid = {B63BA111-FEED-4218-9411-3DA08527FFA8}
	EndGlobalSection
EndGlobal
